
Microsoft Visual Studio Solution File, Format Version 12.00
# Visual Studio 15
VisualStudioVersion = 15.0.27130.2010
MinimumVisualStudioVersion = 10.0.40219.1
Project("{FAE04EC0-301F-11D3-BF4B-00C04F79EFBC}") = "netcore2wsdl", "netcore2wsdl\netcore2wsdl.csproj", "{60D45396-5E00-43C9-A6C9-7E937D467849}"
EndProject
Project("{FAE04EC0-301F-11D3-BF4B-00C04F79EFBC}") = "ServiceAgent", "ServiceAgent\ServiceAgent.csproj", "{4AF4D703-70A2-415B-B713-D7A9C99FDFE9}"
EndProject
Global
	GlobalSection(SolutionConfigurationPlatforms) = preSolution
		Debug|Any CPU = Debug|Any CPU
		Release|Any CPU = Release|Any CPU
	EndGlobalSection
	GlobalSection(ProjectConfigurationPlatforms) = postSolution
		{60D45396-5E00-43C9-A6C9-7E937D467849}.Debug|Any CPU.ActiveCfg = Debug|Any CPU
		{60D45396-5E00-43C9-A6C9-7E937D467849}.Debug|Any CPU.Build.0 = Debug|Any CPU
		{60D45396-5E00-43C9-A6C9-7E937D467849}.Release|Any CPU.ActiveCfg = Release|Any CPU
		{60D45396-5E00-43C9-A6C9-7E937D467849}.Release|Any CPU.Build.0 = Release|Any CPU
		{4AF4D703-70A2-415B-B713-D7A9C99FDFE9}.Debug|Any CPU.ActiveCfg = Debug|Any CPU
		{4AF4D703-70A2-415B-B713-D7A9C99FDFE9}.Debug|Any CPU.Build.0 = Debug|Any CPU
		{4AF4D703-70A2-415B-B713-D7A9C99FDFE9}.Release|Any CPU.ActiveCfg = Release|Any CPU
		{4AF4D703-70A2-415B-B713-D7A9C99FDFE9}.Release|Any CPU.Build.0 = Release|Any CPU
	EndGlobalSection
	GlobalSection(SolutionProperties) = preSolution
		HideSolutionNode = FALSE
	EndGlobalSection
	GlobalSection(ExtensibilityGlobals) = postSolution
		SolutionGuid = {780F38F3-58F0-48AD-9EC9-0618C0596993}
	EndGlobalSection
EndGlobal
